
Microsoft Visual Studio Solution File, Format Version 12.00
# Visual Studio Version 17
VisualStudioVersion = 17.9.34902.65
MinimumVisualStudioVersion = 10.0.40219.1
Project("{FAE04EC0-301F-11D3-BF4B-00C04F79EFBC}") = "juego-impostor-backend", "juego-impostor-backend.csproj", "{0D3032D1-48CA-9814-E519-C226C511C30E}"
EndProject
Global
	GlobalSection(SolutionConfigurationPlatforms) = preSolution
		Debug|Any CPU = Debug|Any CPU
		Release|Any CPU = Release|Any CPU
	EndGlobalSection
	GlobalSection(ProjectConfigurationPlatforms) = postSolution
		{0D3032D1-48CA-9814-E519-C226C511C30E}.Debug|Any CPU.ActiveCfg = Debug|Any CPU
		{0D3032D1-48CA-9814-E519-C226C511C30E}.Debug|Any CPU.Build.0 = Debug|Any CPU
		{0D3032D1-48CA-9814-E519-C226C511C30E}.Release|Any CPU.ActiveCfg = Release|Any CPU
		{0D3032D1-48CA-9814-E519-C226C511C30E}.Release|Any CPU.Build.0 = Release|Any CPU
	EndGlobalSection
	GlobalSection(SolutionProperties) = preSolution
		HideSolutionNode = FALSE
	EndGlobalSection
	GlobalSection(ExtensibilityGlobals) = postSolution
		SolutionGuid = {504E2ABC-FE23-4B75-BF4B-0DD0B464B6FA}
	EndGlobalSection
EndGlobal
